
Microsoft Visual Studio Solution File, Format Version 12.00
# Visual Studio Version 17
VisualStudioVersion = 17.14.36518.9 d17.14
MinimumVisualStudioVersion = 10.0.40219.1
Project("{FAE04EC0-301F-11D3-BF4B-00C04F79EFBC}") = "Thermostat", "Thermostat.csproj", "{72C88A16-DD63-4FB6-9E4F-5F66C2F8FE5A}"
EndProject
Global
	GlobalSection(SolutionConfigurationPlatforms) = preSolution
		Debug|Any CPU = Debug|Any CPU
		Release|Any CPU = Release|Any CPU
	EndGlobalSection
	GlobalSection(ProjectConfigurationPlatforms) = postSolution
		{72C88A16-DD63-4FB6-9E4F-5F66C2F8FE5A}.Debug|Any CPU.ActiveCfg = Debug|Any CPU
		{72C88A16-DD63-4FB6-9E4F-5F66C2F8FE5A}.Debug|Any CPU.Build.0 = Debug|Any CPU
		{72C88A16-DD63-4FB6-9E4F-5F66C2F8FE5A}.Release|Any CPU.ActiveCfg = Release|Any CPU
		{72C88A16-DD63-4FB6-9E4F-5F66C2F8FE5A}.Release|Any CPU.Build.0 = Release|Any CPU
	EndGlobalSection
	GlobalSection(SolutionProperties) = preSolution
		HideSolutionNode = FALSE
	EndGlobalSection
	GlobalSection(ExtensibilityGlobals) = postSolution
		SolutionGuid = {4CC93440-E9A9-48D0-BB63-7561D1543DF7}
	EndGlobalSection
EndGlobal
